<?xml version="1.0" encoding="utf-8"?>
<Project ToolsVersion="4.0" xmlns="http://schemas.microsoft.com/developer/msbuild/2003">
  <ItemGroup>
    <Filter Include="소스 파일">
      <UniqueIdentifier>{4FC737F1-C7A5-4376-A066-2A32D752A2FF}</UniqueIdentifier>
      <Extensions>cpp;c;cc;cxx;def;odl;idl;hpj;bat;asm;asmx</Extensions>
    </Filter>
    <Filter Include="헤더 파일">
      <UniqueIdentifier>{93995380-89BD-4b04-88EB-625FBE52EBFB}</UniqueIdentifier>
      <Extensions>h;hh;hpp;hxx;hm;inl;inc;ipp;xsd</Extensions>
    </Filter>
    <Filter Include="리소스 파일">
      <UniqueIdentifier>{67DA6AB6-F800-4c08-8B7A-83BB121AAD01}</UniqueIdentifier>
      <Extensions>rc;ico;cur;bmp;dlg;rc2;rct;bin;rgs;gif;jpg;jpeg;jpe;resx;tiff;tif;png;wav;mfcribbon-ms</Extensions>
    </Filter>
    <Filter Include="소스 파일\1. c언어 기반의 c++">
      <UniqueIdentifier>{8d659d68-6c3b-41b4-ab49-d6a16d5d50a8}</UniqueIdentifier>
    </Filter>
    <Filter Include="소스 파일\1. c언어 기반의 c++\1.6 열혈1-4문제">
      <UniqueIdentifier>{111ab81b-3d81-4533-ab6f-99f7cbbdb3c3}</UniqueIdentifier>
    </Filter>
    <Filter Include="소스 파일\OOP 프로젝트">
      <UniqueIdentifier>{cf60524b-7990-433c-b257-225523598d48}</UniqueIdentifier>
    </Filter>
    <Filter Include="소스 파일\2. c언어 기반의 c++2">
      <UniqueIdentifier>{9ab15ca9-e8de-4cce-8e44-2fa1b6a9425b}</UniqueIdentifier>
    </Filter>
    <Filter Include="소스 파일\3. 클래스의 기본">
      <UniqueIdentifier>{48643ebc-9531-4e12-ae36-0b5d8892a332}</UniqueIdentifier>
    </Filter>
    <Filter Include="소스 파일\3. 클래스의 기본\Car">
      <UniqueIdentifier>{925ada03-d4c0-4247-988b-3e9b741ab2b3}</UniqueIdentifier>
    </Filter>
    <Filter Include="소스 파일\3. 클래스의 기본\Calculator">
      <UniqueIdentifier>{bbe7897b-824d-4883-935f-97e97d0ab5f2}</UniqueIdentifier>
    </Filter>
    <Filter Include="소스 파일\3. 클래스의 기본\AppleTrade">
      <UniqueIdentifier>{f5cf8a71-4d66-4529-b94f-4cad6585286c}</UniqueIdentifier>
    </Filter>
    <Filter Include="소스 파일\4. 클래스의 완성">
      <UniqueIdentifier>{4e57b63b-5290-44ea-b653-e51ead517229}</UniqueIdentifier>
    </Filter>
    <Filter Include="소스 파일\4. 클래스의 완성\Rectangle">
      <UniqueIdentifier>{3a5bf2e8-c7bc-424a-8e02-e8034b4f3fbc}</UniqueIdentifier>
    </Filter>
  </ItemGroup>
  <ItemGroup>
    <ClCompile Include="실험용.cpp">
      <Filter>소스 파일</Filter>
    </ClCompile>
    <ClCompile Include="1.1 간단한 입출력.cpp">
      <Filter>소스 파일\1. c언어 기반의 c++</Filter>
    </ClCompile>
    <ClCompile Include="1.2 함수 오버로딩.cpp">
      <Filter>소스 파일\1. c언어 기반의 c++</Filter>
    </ClCompile>
    <ClCompile Include="1.3 디폴트 값 설정.cpp">
      <Filter>소스 파일\1. c언어 기반의 c++</Filter>
    </ClCompile>
    <ClCompile Include="1.4 인라인 함수.cpp">
      <Filter>소스 파일\1. c언어 기반의 c++</Filter>
    </ClCompile>
    <ClCompile Include="1.5 네임스페이스.cpp">
      <Filter>소스 파일\1. c언어 기반의 c++</Filter>
    </ClCompile>
    <ClCompile Include="SimpleMain.cpp">
      <Filter>소스 파일\1. c언어 기반의 c++\1.6 열혈1-4문제</Filter>
    </ClCompile>
    <ClCompile Include="SimpleFunc.cpp">
      <Filter>소스 파일\1. c언어 기반의 c++\1.6 열혈1-4문제</Filter>
    </ClCompile>
    <ClCompile Include="1.7 전역 지역 변수의 구분.cpp">
      <Filter>소스 파일\1. c언어 기반의 c++</Filter>
    </ClCompile>
    <ClCompile Include="1step.cpp">
      <Filter>소스 파일\OOP 프로젝트</Filter>
    </ClCompile>
    <ClCompile Include="2.1 자료형 bool.cpp">
      <Filter>소스 파일\2. c언어 기반의 c++2</Filter>
    </ClCompile>
    <ClCompile Include="2.2 참조자.cpp">
      <Filter>소스 파일\2. c언어 기반의 c++2</Filter>
    </ClCompile>
    <ClCompile Include="2.3 참조자와 함수.cpp">
      <Filter>소스 파일\2. c언어 기반의 c++2</Filter>
    </ClCompile>
    <ClCompile Include="2.4 new와delete, c표준 헤더파일.cpp">
      <Filter>소스 파일\2. c언어 기반의 c++2</Filter>
    </ClCompile>
    <ClCompile Include="2.5 열혈2-3 문제.cpp">
      <Filter>소스 파일\2. c언어 기반의 c++2</Filter>
    </ClCompile>
    <ClCompile Include="3.1 c++에서의 구조체.cpp">
      <Filter>소스 파일\3. 클래스의 기본</Filter>
    </ClCompile>
    <ClCompile Include="3.2 클래스와객체.cpp">
      <Filter>소스 파일\3. 클래스의 기본</Filter>
    </ClCompile>
    <ClCompile Include="main.cpp">
      <Filter>소스 파일\3. 클래스의 기본\Car</Filter>
    </ClCompile>
    <ClCompile Include="Car.cpp">
      <Filter>소스 파일\3. 클래스의 기본\Car</Filter>
    </ClCompile>
    <ClCompile Include="calculatormain.cpp">
      <Filter>소스 파일\3. 클래스의 기본\Calculator</Filter>
    </ClCompile>
    <ClCompile Include="calculator.cpp">
      <Filter>소스 파일\3. 클래스의 기본\Calculator</Filter>
    </ClCompile>
    <ClCompile Include="FruitSaleSim.cpp">
      <Filter>소스 파일\3. 클래스의 기본\AppleTrade</Filter>
    </ClCompile>
    <ClCompile Include="Rectanglemain.cpp">
      <Filter>소스 파일\4. 클래스의 완성\Rectangle</Filter>
    </ClCompile>
    <ClCompile Include="Rectangle.cpp">
      <Filter>소스 파일\4. 클래스의 완성\Rectangle</Filter>
    </ClCompile>
    <ClCompile Include="point.cpp">
      <Filter>소스 파일\4. 클래스의 완성\Rectangle</Filter>
    </ClCompile>
    <ClCompile Include="4.2 캡슐화.cpp">
      <Filter>소스 파일\4. 클래스의 완성</Filter>
    </ClCompile>
    <ClCompile Include="4.1 정보은닉,const함수.cpp">
      <Filter>소스 파일\4. 클래스의 완성</Filter>
    </ClCompile>
    <ClCompile Include="4.3 생성자와소멸자,지역함수.cpp">
      <Filter>소스 파일\4. 클래스의 완성</Filter>
    </ClCompile>
    <ClCompile Include="4.4 이니셜라이저, 디폴트 생성자.cpp">
      <Filter>소스 파일\4. 클래스의 완성</Filter>
    </ClCompile>
    <ClCompile Include="4.5 멤버변수 참조자선언후 이니셜라이징.cpp">
      <Filter>소스 파일\4. 클래스의 완성</Filter>
    </ClCompile>
    <ClCompile Include="4.6 디폴트 생성자.cpp">
      <Filter>소스 파일\4. 클래스의 완성</Filter>
    </ClCompile>
    <ClCompile Include="4.7 private 생성자.cpp">
      <Filter>소스 파일\4. 클래스의 완성</Filter>
    </ClCompile>
  </ItemGroup>
  <ItemGroup>
    <ClInclude Include="SimpleFunc.h">
      <Filter>소스 파일\1. c언어 기반의 c++\1.6 열혈1-4문제</Filter>
    </ClInclude>
    <ClInclude Include="Car.h">
      <Filter>소스 파일\3. 클래스의 기본\Car</Filter>
    </ClInclude>
    <ClInclude Include="calculator.h">
      <Filter>소스 파일\3. 클래스의 기본\Calculator</Filter>
    </ClInclude>
    <ClInclude Include="Rectangle.h">
      <Filter>소스 파일\4. 클래스의 완성\Rectangle</Filter>
    </ClInclude>
    <ClInclude Include="point.h">
      <Filter>소스 파일\4. 클래스의 완성\Rectangle</Filter>
    </ClInclude>
  </ItemGroup>
  <ItemGroup>
    <Text Include="1단계 요구사항.txt">
      <Filter>소스 파일\OOP 프로젝트</Filter>
    </Text>
  </ItemGroup>
</Project>